
Microsoft Visual Studio Solution File, Format Version 12.00
# Visual Studio Version 16
VisualStudioVersion = 16.0.29102.190
MinimumVisualStudioVersion = 10.0.40219.1
Project("{FAE04EC0-301F-11D3-BF4B-00C04F79EFBC}") = "ReCapProject.Entities", "ReCapProject.Entities\ReCapProject.Entities.csproj", "{4E0D9351-C0FC-49F6-8AD5-3195B347E213}"
EndProject
Project("{FAE04EC0-301F-11D3-BF4B-00C04F79EFBC}") = "ReCapProject.DataAccess", "ReCapProject.DataAccess\ReCapProject.DataAccess.csproj", "{FE5EF41B-4E36-45D7-93FF-25FB1220BDE5}"
EndProject
Project("{FAE04EC0-301F-11D3-BF4B-00C04F79EFBC}") = "ReCapProject.Business", "ReCapProject.Business\ReCapProject.Business.csproj", "{73BDFDC5-342C-4F73-8336-12D02778C234}"
EndProject
Project("{FAE04EC0-301F-11D3-BF4B-00C04F79EFBC}") = "ReCapProject.ConsoleUI", "ReCapProject.ConsoleUI\ReCapProject.ConsoleUI.csproj", "{F2FF9F50-F95F-4250-8653-55E2E42B50C4}"
EndProject
Project("{FAE04EC0-301F-11D3-BF4B-00C04F79EFBC}") = "WpfUI", "WpfUI\WpfUI.csproj", "{C65DDB95-A68C-4EC3-BBE5-0AD2EFF6F0A9}"
EndProject
Project("{FAE04EC0-301F-11D3-BF4B-00C04F79EFBC}") = "Core", "Core\Core.csproj", "{C6A1C2A5-5D84-4B36-8D88-D9A0FEDAA78D}"
EndProject
Global
	GlobalSection(SolutionConfigurationPlatforms) = preSolution
		Debug|Any CPU = Debug|Any CPU
		Release|Any CPU = Release|Any CPU
	EndGlobalSection
	GlobalSection(ProjectConfigurationPlatforms) = postSolution
		{4E0D9351-C0FC-49F6-8AD5-3195B347E213}.Debug|Any CPU.ActiveCfg = Debug|Any CPU
		{4E0D9351-C0FC-49F6-8AD5-3195B347E213}.Debug|Any CPU.Build.0 = Debug|Any CPU
		{4E0D9351-C0FC-49F6-8AD5-3195B347E213}.Release|Any CPU.ActiveCfg = Release|Any CPU
		{4E0D9351-C0FC-49F6-8AD5-3195B347E213}.Release|Any CPU.Build.0 = Release|Any CPU
		{FE5EF41B-4E36-45D7-93FF-25FB1220BDE5}.Debug|Any CPU.ActiveCfg = Debug|Any CPU
		{FE5EF41B-4E36-45D7-93FF-25FB1220BDE5}.Debug|Any CPU.Build.0 = Debug|Any CPU
		{FE5EF41B-4E36-45D7-93FF-25FB1220BDE5}.Release|Any CPU.ActiveCfg = Release|Any CPU
		{FE5EF41B-4E36-45D7-93FF-25FB1220BDE5}.Release|Any CPU.Build.0 = Release|Any CPU
		{73BDFDC5-342C-4F73-8336-12D02778C234}.Debug|Any CPU.ActiveCfg = Debug|Any CPU
		{73BDFDC5-342C-4F73-8336-12D02778C234}.Debug|Any CPU.Build.0 = Debug|Any CPU
		{73BDFDC5-342C-4F73-8336-12D02778C234}.Release|Any CPU.ActiveCfg = Release|Any CPU
		{73BDFDC5-342C-4F73-8336-12D02778C234}.Release|Any CPU.Build.0 = Release|Any CPU
		{F2FF9F50-F95F-4250-8653-55E2E42B50C4}.Debug|Any CPU.ActiveCfg = Debug|Any CPU
		{F2FF9F50-F95F-4250-8653-55E2E42B50C4}.Debug|Any CPU.Build.0 = Debug|Any CPU
		{F2FF9F50-F95F-4250-8653-55E2E42B50C4}.Release|Any CPU.ActiveCfg = Release|Any CPU
		{F2FF9F50-F95F-4250-8653-55E2E42B50C4}.Release|Any CPU.Build.0 = Release|Any CPU
		{C65DDB95-A68C-4EC3-BBE5-0AD2EFF6F0A9}.Debug|Any CPU.ActiveCfg = Debug|Any CPU
		{C65DDB95-A68C-4EC3-BBE5-0AD2EFF6F0A9}.Debug|Any CPU.Build.0 = Debug|Any CPU
		{C65DDB95-A68C-4EC3-BBE5-0AD2EFF6F0A9}.Release|Any CPU.ActiveCfg = Release|Any CPU
		{C65DDB95-A68C-4EC3-BBE5-0AD2EFF6F0A9}.Release|Any CPU.Build.0 = Release|Any CPU
		{C6A1C2A5-5D84-4B36-8D88-D9A0FEDAA78D}.Debug|Any CPU.ActiveCfg = Debug|Any CPU
		{C6A1C2A5-5D84-4B36-8D88-D9A0FEDAA78D}.Debug|Any CPU.Build.0 = Debug|Any CPU
		{C6A1C2A5-5D84-4B36-8D88-D9A0FEDAA78D}.Release|Any CPU.ActiveCfg = Release|Any CPU
		{C6A1C2A5-5D84-4B36-8D88-D9A0FEDAA78D}.Release|Any CPU.Build.0 = Release|Any CPU
	EndGlobalSection
	GlobalSection(SolutionProperties) = preSolution
		HideSolutionNode = FALSE
	EndGlobalSection
	GlobalSection(ExtensibilityGlobals) = postSolution
		SolutionGuid = {D11B752F-C2CF-4E7D-BAB2-6A34EBAF5904}
	EndGlobalSection
EndGlobal
